
Microsoft Visual Studio Solution File, Format Version 11.00
# Visual Studio 2010
Project("{FAE04EC0-301F-11D3-BF4B-00C04F79EFBC}") = "Assembly-CSharp", "Assembly-CSharp.csproj", "{05bc4c4d-00ef-eedc-f854-6444f38d2d2e}"
EndProject
Project("{FAE04EC0-301F-11D3-BF4B-00C04F79EFBC}") = "Assembly-CSharp-Editor", "Assembly-CSharp-Editor.csproj", "{fb82160a-4e2f-2c78-fb1f-8efdcfb7cc8f}"
EndProject
Global
	GlobalSection(SolutionConfigurationPlatforms) = preSolution
		Debug|Any CPU = Debug|Any CPU
	EndGlobalSection
	GlobalSection(ProjectConfigurationPlatforms) = postSolution
		{05bc4c4d-00ef-eedc-f854-6444f38d2d2e}.Debug|Any CPU.ActiveCfg = Debug|Any CPU
		{05bc4c4d-00ef-eedc-f854-6444f38d2d2e}.Debug|Any CPU.Build.0 = Debug|Any CPU
		{fb82160a-4e2f-2c78-fb1f-8efdcfb7cc8f}.Debug|Any CPU.ActiveCfg = Debug|Any CPU
		{fb82160a-4e2f-2c78-fb1f-8efdcfb7cc8f}.Debug|Any CPU.Build.0 = Debug|Any CPU
	EndGlobalSection
	GlobalSection(SolutionProperties) = preSolution
		HideSolutionNode = FALSE
	EndGlobalSection
EndGlobal
